
Microsoft Visual Studio Solution File, Format Version 12.00
# Visual Studio Version 17
VisualStudioVersion = 17.2.32526.322
MinimumVisualStudioVersion = 10.0.40219.1
Project("{9A19103F-16F7-4668-BE54-9A1E7A4F7556}") = "Publisher", "Publisher\Publisher.csproj", "{765AE4D1-CF63-440D-ACE5-C223CB2A9B15}"
EndProject
Project("{9A19103F-16F7-4668-BE54-9A1E7A4F7556}") = "EmployeeProcessor", "EmployeeProcessor\EmployeeProcessor.csproj", "{BFAF249D-1E65-49AD-B5C5-21894A1216AD}"
EndProject
Project("{9A19103F-16F7-4668-BE54-9A1E7A4F7556}") = "Contracts", "Contracts\Contracts.csproj", "{E6164786-8F11-4743-B024-583B98044796}"
EndProject
Project("{FAE04EC0-301F-11D3-BF4B-00C04F79EFBC}") = "SimpleExample", "SimpleExample\SimpleExample.csproj", "{8C1C979E-67BB-45E5-A11D-FE63BD8341B0}"
EndProject
Global
	GlobalSection(SolutionConfigurationPlatforms) = preSolution
		Debug|Any CPU = Debug|Any CPU
		Release|Any CPU = Release|Any CPU
	EndGlobalSection
	GlobalSection(ProjectConfigurationPlatforms) = postSolution
		{765AE4D1-CF63-440D-ACE5-C223CB2A9B15}.Debug|Any CPU.ActiveCfg = Debug|Any CPU
		{765AE4D1-CF63-440D-ACE5-C223CB2A9B15}.Debug|Any CPU.Build.0 = Debug|Any CPU
		{765AE4D1-CF63-440D-ACE5-C223CB2A9B15}.Release|Any CPU.ActiveCfg = Release|Any CPU
		{765AE4D1-CF63-440D-ACE5-C223CB2A9B15}.Release|Any CPU.Build.0 = Release|Any CPU
		{BFAF249D-1E65-49AD-B5C5-21894A1216AD}.Debug|Any CPU.ActiveCfg = Debug|Any CPU
		{BFAF249D-1E65-49AD-B5C5-21894A1216AD}.Debug|Any CPU.Build.0 = Debug|Any CPU
		{BFAF249D-1E65-49AD-B5C5-21894A1216AD}.Release|Any CPU.ActiveCfg = Release|Any CPU
		{BFAF249D-1E65-49AD-B5C5-21894A1216AD}.Release|Any CPU.Build.0 = Release|Any CPU
		{E6164786-8F11-4743-B024-583B98044796}.Debug|Any CPU.ActiveCfg = Debug|Any CPU
		{E6164786-8F11-4743-B024-583B98044796}.Debug|Any CPU.Build.0 = Debug|Any CPU
		{E6164786-8F11-4743-B024-583B98044796}.Release|Any CPU.ActiveCfg = Release|Any CPU
		{E6164786-8F11-4743-B024-583B98044796}.Release|Any CPU.Build.0 = Release|Any CPU
		{8C1C979E-67BB-45E5-A11D-FE63BD8341B0}.Debug|Any CPU.ActiveCfg = Debug|Any CPU
		{8C1C979E-67BB-45E5-A11D-FE63BD8341B0}.Debug|Any CPU.Build.0 = Debug|Any CPU
		{8C1C979E-67BB-45E5-A11D-FE63BD8341B0}.Release|Any CPU.ActiveCfg = Release|Any CPU
		{8C1C979E-67BB-45E5-A11D-FE63BD8341B0}.Release|Any CPU.Build.0 = Release|Any CPU
	EndGlobalSection
	GlobalSection(SolutionProperties) = preSolution
		HideSolutionNode = FALSE
	EndGlobalSection
	GlobalSection(ExtensibilityGlobals) = postSolution
		SolutionGuid = {5A47219E-9E79-4BB1-BA26-05B8DB859FB9}
	EndGlobalSection
EndGlobal
